// !$*UTF8*$!
{
	archiveVersion = 1;
	classes = {
	};
	objectVersion = 55;
	objects = {

/* Begin PBXBuildFile section */
		3C543BF12868D96900BCB31D /* UIStackView + Extension.swift in Sources */ = {isa = PBXBuildFile; fileRef = 3C543BF02868D96900BCB31D /* UIStackView + Extension.swift */; };
		3C543BF32868DAF100BCB31D /* UIColor + Extension.swift in Sources */ = {isa = PBXBuildFile; fileRef = 3C543BF22868DAF100BCB31D /* UIColor + Extension.swift */; };
		3C543BF62868DC1500BCB31D /* UIButton + Extension.swift in Sources */ = {isa = PBXBuildFile; fileRef = 3C543BF52868DC1500BCB31D /* UIButton + Extension.swift */; };
		3C543BFA2869F2A700BCB31D /* CalculatorLogic.swift in Sources */ = {isa = PBXBuildFile; fileRef = 3C543BF92869F2A700BCB31D /* CalculatorLogic.swift */; };
		3CB930162860AAD0005B16C0 /* AppDelegate.swift in Sources */ = {isa = PBXBuildFile; fileRef = 3CB930152860AAD0005B16C0 /* AppDelegate.swift */; };
		3CB930182860AAD0005B16C0 /* SceneDelegate.swift in Sources */ = {isa = PBXBuildFile; fileRef = 3CB930172860AAD0005B16C0 /* SceneDelegate.swift */; };
		3CB9301A2860AAD0005B16C0 /* ViewController.swift in Sources */ = {isa = PBXBuildFile; fileRef = 3CB930192860AAD0005B16C0 /* ViewController.swift */; };
		3CB9301F2860AAD7005B16C0 /* Assets.xcassets in Resources */ = {isa = PBXBuildFile; fileRef = 3CB9301E2860AAD7005B16C0 /* Assets.xcassets */; };
		3CB930222860AAD7005B16C0 /* LaunchScreen.storyboard in Resources */ = {isa = PBXBuildFile; fileRef = 3CB930202860AAD7005B16C0 /* LaunchScreen.storyboard */; };
		EF10E428A2CAE9E6DBD767B3 /* Pods_Calck.framework in Frameworks */ = {isa = PBXBuildFile; fileRef = 9EE53781230B433F0574561C /* Pods_Calck.framework */; };
/* End PBXBuildFile section */

/* Begin PBXFileReference section */
		3C543BF02868D96900BCB31D /* UIStackView + Extension.swift */ = {isa = PBXFileReference; lastKnownFileType = sourcecode.swift; path = "UIStackView + Extension.swift"; sourceTree = "<group>"; };
		3C543BF22868DAF100BCB31D /* UIColor + Extension.swift */ = {isa = PBXFileReference; lastKnownFileType = sourcecode.swift; path = "UIColor + Extension.swift"; sourceTree = "<group>"; };
		3C543BF52868DC1500BCB31D /* UIButton + Extension.swift */ = {isa = PBXFileReference; lastKnownFileType = sourcecode.swift; path = "UIButton + Extension.swift"; sourceTree = "<group>"; };
		3C543BF92869F2A700BCB31D /* CalculatorLogic.swift */ = {isa = PBXFileReference; lastKnownFileType = sourcecode.swift; path = CalculatorLogic.swift; sourceTree = "<group>"; };
		3CB930122860AAD0005B16C0 /* Calck.app */ = {isa = PBXFileReference; explicitFileType = wrapper.application; includeInIndex = 0; path = Calck.app; sourceTree = BUILT_PRODUCTS_DIR; };
		3CB930152860AAD0005B16C0 /* AppDelegate.swift */ = {isa = PBXFileReference; lastKnownFileType = sourcecode.swift; path = AppDelegate.swift; sourceTree = "<group>"; };
		3CB930172860AAD0005B16C0 /* SceneDelegate.swift */ = {isa = PBXFileReference; lastKnownFileType = sourcecode.swift; path = SceneDelegate.swift; sourceTree = "<group>"; };
		3CB930192860AAD0005B16C0 /* ViewController.swift */ = {isa = PBXFileReference; lastKnownFileType = sourcecode.swift; path = ViewController.swift; sourceTree = "<group>"; };
		3CB9301E2860AAD7005B16C0 /* Assets.xcassets */ = {isa = PBXFileReference; lastKnownFileType = folder.assetcatalog; path = Assets.xcassets; sourceTree = "<group>"; };
		3CB930212860AAD7005B16C0 /* Base */ = {isa = PBXFileReference; lastKnownFileType = file.storyboard; name = Base; path = Base.lproj/LaunchScreen.storyboard; sourceTree = "<group>"; };
		3CB930232860AAD7005B16C0 /* Info.plist */ = {isa = PBXFileReference; lastKnownFileType = text.plist.xml; path = Info.plist; sourceTree = "<group>"; };
		60E3AA87A389F77D42DC655B /* Pods-Calck.release.xcconfig */ = {isa = PBXFileReference; includeInIndex = 1; lastKnownFileType = text.xcconfig; name = "Pods-Calck.release.xcconfig"; path = "Target Support Files/Pods-Calck/Pods-Calck.release.xcconfig"; sourceTree = "<group>"; };
		77A221209DDD331EDBE1720A /* Pods-Calck.debug.xcconfig */ = {isa = PBXFileReference; includeInIndex = 1; lastKnownFileType = text.xcconfig; name = "Pods-Calck.debug.xcconfig"; path = "Target Support Files/Pods-Calck/Pods-Calck.debug.xcconfig"; sourceTree = "<group>"; };
		9EE53781230B433F0574561C /* Pods_Calck.framework */ = {isa = PBXFileReference; explicitFileType = wrapper.framework; includeInIndex = 0; path = Pods_Calck.framework; sourceTree = BUILT_PRODUCTS_DIR; };
/* End PBXFileReference section */

/* Begin PBXFrameworksBuildPhase section */
		3CB9300F2860AAD0005B16C0 /* Frameworks */ = {
			isa = PBXFrameworksBuildPhase;
			buildActionMask = 2147483647;
			files = (
				EF10E428A2CAE9E6DBD767B3 /* Pods_Calck.framework in Frameworks */,
			);
			runOnlyForDeploymentPostprocessing = 0;
		};
/* End PBXFrameworksBuildPhase section */

/* Begin PBXGroup section */
		3C543BF42868DBB100BCB31D /* Extension + Helper */ = {
			isa = PBXGroup;
			children = (
				3C543BF02868D96900BCB31D /* UIStackView + Extension.swift */,
				3C543BF22868DAF100BCB31D /* UIColor + Extension.swift */,
				3C543BF52868DC1500BCB31D /* UIButton + Extension.swift */,
			);
			path = "Extension + Helper";
			sourceTree = "<group>";
		};
		3C543BFB2869F80300BCB31D /* Models */ = {
			isa = PBXGroup;
			children = (
				3C543BF92869F2A700BCB31D /* CalculatorLogic.swift */,
			);
			path = Models;
			sourceTree = "<group>";
		};
		3C543BFC2869F80B00BCB31D /* Controllers */ = {
			isa = PBXGroup;
			children = (
				3CB930192860AAD0005B16C0 /* ViewController.swift */,
			);
			path = Controllers;
			sourceTree = "<group>";
		};
		3CB930092860AAD0005B16C0 = {
			isa = PBXGroup;
			children = (
				3CB930142860AAD0005B16C0 /* Calck */,
				3CB930132860AAD0005B16C0 /* Products */,
				3CD36BFDB5829A4842FDFB27 /* Pods */,
				DD1C675B4B8EFD6B7AA19D9A /* Frameworks */,
			);
			sourceTree = "<group>";
		};
		3CB930132860AAD0005B16C0 /* Products */ = {
			isa = PBXGroup;
			children = (
				3CB930122860AAD0005B16C0 /* Calck.app */,
			);
			name = Products;
			sourceTree = "<group>";
		};
		3CB930142860AAD0005B16C0 /* Calck */ = {
			isa = PBXGroup;
			children = (
				3CB930152860AAD0005B16C0 /* AppDelegate.swift */,
				3CB930172860AAD0005B16C0 /* SceneDelegate.swift */,
				3C543BFC2869F80B00BCB31D /* Controllers */,
				3C543BFB2869F80300BCB31D /* Models */,
				3C543BF42868DBB100BCB31D /* Extension + Helper */,
				3CB9301E2860AAD7005B16C0 /* Assets.xcassets */,
				3CB930202860AAD7005B16C0 /* LaunchScreen.storyboard */,
				3CB930232860AAD7005B16C0 /* Info.plist */,
			);
			path = Calck;
			sourceTree = "<group>";
		};
		3CD36BFDB5829A4842FDFB27 /* Pods */ = {
			isa = PBXGroup;
			children = (
				77A221209DDD331EDBE1720A /* Pods-Calck.debug.xcconfig */,
				60E3AA87A389F77D42DC655B /* Pods-Calck.release.xcconfig */,
			);
			path = Pods;
			sourceTree = "<group>";
		};
		DD1C675B4B8EFD6B7AA19D9A /* Frameworks */ = {
			isa = PBXGroup;
			children = (
				9EE53781230B433F0574561C /* Pods_Calck.framework */,
			);
			name = Frameworks;
			sourceTree = "<group>";
		};
/* End PBXGroup section */

/* Begin PBXNativeTarget section */
		3CB930112860AAD0005B16C0 /* Calck */ = {
			isa = PBXNativeTarget;
			buildConfigurationList = 3CB930262860AAD7005B16C0 /* Build configuration list for PBXNativeTarget "Calck" */;
			buildPhases = (
				543B06C0D9D5932979B8AADB /* [CP] Check Pods Manifest.lock */,
				3CB9300E2860AAD0005B16C0 /* Sources */,
				3CB9300F2860AAD0005B16C0 /* Frameworks */,
				3CB930102860AAD0005B16C0 /* Resources */,
				5DF1A30839C5D15019EDE93D /* [CP] Embed Pods Frameworks */,
			);
			buildRules = (
			);
			dependencies = (
			);
			name = Calck;
			productName = Calck;
			productReference = 3CB930122860AAD0005B16C0 /* Calck.app */;
			productType = "com.apple.product-type.application";
		};
/* End PBXNativeTarget section */

/* Begin PBXProject section */
		3CB9300A2860AAD0005B16C0 /* Project object */ = {
			isa = PBXProject;
			attributes = {
				BuildIndependentTargetsInParallel = 1;
				LastSwiftUpdateCheck = 1340;
				LastUpgradeCheck = 1340;
				TargetAttributes = {
					3CB930112860AAD0005B16C0 = {
						CreatedOnToolsVersion = 13.4.1;
					};
				};
			};
			buildConfigurationList = 3CB9300D2860AAD0005B16C0 /* Build configuration list for PBXProject "Calck" */;
			compatibilityVersion = "Xcode 13.0";
			developmentRegion = en;
			hasScannedForEncodings = 0;
			knownRegions = (
				en,
				Base,
			);
			mainGroup = 3CB930092860AAD0005B16C0;
			productRefGroup = 3CB930132860AAD0005B16C0 /* Products */;
			projectDirPath = "";
			projectRoot = "";
			targets = (
				3CB930112860AAD0005B16C0 /* Calck */,
			);
		};
/* End PBXProject section */

/* Begin PBXResourcesBuildPhase section */
		3CB930102860AAD0005B16C0 /* Resources */ = {
			isa = PBXResourcesBuildPhase;
			buildActionMask = 2147483647;
			files = (
				3CB930222860AAD7005B16C0 /* LaunchScreen.storyboard in Resources */,
				3CB9301F2860AAD7005B16C0 /* Assets.xcassets in Resources */,
			);
			runOnlyForDeploymentPostprocessing = 0;
		};
/* End PBXResourcesBuildPhase section */

/* Begin PBXShellScriptBuildPhase section */
		543B06C0D9D5932979B8AADB /* [CP] Check Pods Manifest.lock */ = {
			isa = PBXShellScriptBuildPhase;
			buildActionMask = 2147483647;
			files = (
			);
			inputFileListPaths = (
			);
			inputPaths = (
				"${PODS_PODFILE_DIR_PATH}/Podfile.lock",
				"${PODS_ROOT}/Manifest.lock",
			);
			name = "[CP] Check Pods Manifest.lock";
			outputFileListPaths = (
			);
			outputPaths = (
				"$(DERIVED_FILE_DIR)/Pods-Calck-checkManifestLockResult.txt",
			);
			runOnlyForDeploymentPostprocessing = 0;
			shellPath = /bin/sh;
			shellScript = "diff \"${PODS_PODFILE_DIR_PATH}/Podfile.lock\" \"${PODS_ROOT}/Manifest.lock\" > /dev/null\nif [ $? != 0 ] ; then\n    # print error to STDERR\n    echo \"error: The sandbox is not in sync with the Podfile.lock. Run 'pod install' or update your CocoaPods installation.\" >&2\n    exit 1\nfi\n# This output is used by Xcode 'outputs' to avoid re-running this script phase.\necho \"SUCCESS\" > \"${SCRIPT_OUTPUT_FILE_0}\"\n";
			showEnvVarsInLog = 0;
		};
		5DF1A30839C5D15019EDE93D /* [CP] Embed Pods Frameworks */ = {
			isa = PBXShellScriptBuildPhase;
			buildActionMask = 2147483647;
			files = (
			);
			inputFileListPaths = (
				"${PODS_ROOT}/Target Support Files/Pods-Calck/Pods-Calck-frameworks-${CONFIGURATION}-input-files.xcfilelist",
			);
			name = "[CP] Embed Pods Frameworks";
			outputFileListPaths = (
				"${PODS_ROOT}/Target Support Files/Pods-Calck/Pods-Calck-frameworks-${CONFIGURATION}-output-files.xcfilelist",
			);
			runOnlyForDeploymentPostprocessing = 0;
			shellPath = /bin/sh;
			shellScript = "\"${PODS_ROOT}/Target Support Files/Pods-Calck/Pods-Calck-frameworks.sh\"\n";
			showEnvVarsInLog = 0;
		};
/* End PBXShellScriptBuildPhase section */

/* Begin PBXSourcesBuildPhase section */
		3CB9300E2860AAD0005B16C0 /* Sources */ = {
			isa = PBXSourcesBuildPhase;
			buildActionMask = 2147483647;
			files = (
				3CB9301A2860AAD0005B16C0 /* ViewController.swift in Sources */,
				3CB930162860AAD0005B16C0 /* AppDelegate.swift in Sources */,
				3CB930182860AAD0005B16C0 /* SceneDelegate.swift in Sources */,
				3C543BFA2869F2A700BCB31D /* CalculatorLogic.swift in Sources */,
				3C543BF12868D96900BCB31D /* UIStackView + Extension.swift in Sources */,
				3C543BF32868DAF100BCB31D /* UIColor + Extension.swift in Sources */,
				3C543BF62868DC1500BCB31D /* UIButton + Extension.swift in Sources */,
			);
			runOnlyForDeploymentPostprocessing = 0;
		};
/* End PBXSourcesBuildPhase section */

/* Begin PBXVariantGroup section */
		3CB930202860AAD7005B16C0 /* LaunchScreen.storyboard */ = {
			isa = PBXVariantGroup;
			children = (
				3CB930212860AAD7005B16C0 /* Base */,
			);
			name = LaunchScreen.storyboard;
			sourceTree = "<group>";
		};
/* End PBXVariantGroup section */

/* Begin XCBuildConfiguration section */
		3CB930242860AAD7005B16C0 /* Debug */ = {
			isa = XCBuildConfiguration;
			buildSettings = {
				ALWAYS_SEARCH_USER_PATHS = NO;
				CLANG_ANALYZER_NONNULL = YES;
				CLANG_ANALYZER_NUMBER_OBJECT_CONVERSION = YES_AGGRESSIVE;
				CLANG_CXX_LANGUAGE_STANDARD = "gnu++17";
				CLANG_ENABLE_MODULES = YES;
				CLANG_ENABLE_OBJC_ARC = YES;
				CLANG_ENABLE_OBJC_WEAK = YES;
				CLANG_WARN_BLOCK_CAPTURE_AUTORELEASING = YES;
				CLANG_WARN_BOOL_CONVERSION = YES;
				CLANG_WARN_COMMA = YES;
				CLANG_WARN_CONSTANT_CONVERSION = YES;
				CLANG_WARN_DEPRECATED_OBJC_IMPLEMENTATIONS = YES;
				CLANG_WARN_DIRECT_OBJC_ISA_USAGE = YES_ERROR;
				CLANG_WARN_DOCUMENTATION_COMMENTS = YES;
				CLANG_WARN_EMPTY_BODY = YES;
				CLANG_WARN_ENUM_CONVERSION = YES;
				CLANG_WARN_INFINITE_RECURSION = YES;
				CLANG_WARN_INT_CONVERSION = YES;
				CLANG_WARN_NON_LITERAL_NULL_CONVERSION = YES;
				CLANG_WARN_OBJC_IMPLICIT_RETAIN_SELF = YES;
				CLANG_WARN_OBJC_LITERAL_CONVERSION = YES;
				CLANG_WARN_OBJC_ROOT_CLASS = YES_ERROR;
				CLANG_WARN_QUOTED_INCLUDE_IN_FRAMEWORK_HEADER = YES;
				CLANG_WARN_RANGE_LOOP_ANALYSIS = YES;
				CLANG_WARN_STRICT_PROTOTYPES = YES;
				CLANG_WARN_SUSPICIOUS_MOVE = YES;
				CLANG_WARN_UNGUARDED_AVAILABILITY = YES_AGGRESSIVE;
				CLANG_WARN_UNREACHABLE_CODE = YES;
				CLANG_WARN__DUPLICATE_METHOD_MATCH = YES;
				COPY_PHASE_STRIP = NO;
				DEBUG_INFORMATION_FORMAT = dwarf;
				ENABLE_STRICT_OBJC_MSGSEND = YES;
				ENABLE_TESTABILITY = YES;
				GCC_C_LANGUAGE_STANDARD = gnu11;
				GCC_DYNAMIC_NO_PIC = NO;
				GCC_NO_COMMON_BLOCKS = YES;
				GCC_OPTIMIZATION_LEVEL = 0;
				GCC_PREPROCESSOR_DEFINITIONS = (
					"DEBUG=1",
					"$(inherited)",
				);
				GCC_WARN_64_TO_32_BIT_CONVERSION = YES;
				GCC_WARN_ABOUT_RETURN_TYPE = YES_ERROR;
				GCC_WARN_UNDECLARED_SELECTOR = YES;
				GCC_WARN_UNINITIALIZED_AUTOS = YES_AGGRESSIVE;
				GCC_WARN_UNUSED_FUNCTION = YES;
				GCC_WARN_UNUSED_VARIABLE = YES;
				IPHONEOS_DEPLOYMENT_TARGET = 15.5;
				MTL_ENABLE_DEBUG_INFO = INCLUDE_SOURCE;
				MTL_FAST_MATH = YES;
				ONLY_ACTIVE_ARCH = YES;
				SDKROOT = iphoneos;
				SWIFT_ACTIVE_COMPILATION_CONDITIONS = DEBUG;
				SWIFT_OPTIMIZATION_LEVEL = "-Onone";
			};
			name = Debug;
		};
		3CB930252860AAD7005B16C0 /* Release */ = {
			isa = XCBuildConfiguration;
			buildSettings = {
				ALWAYS_SEARCH_USER_PATHS = NO;
				CLANG_ANALYZER_NONNULL = YES;
				CLANG_ANALYZER_NUMBER_OBJECT_CONVERSION = YES_AGGRESSIVE;
				CLANG_CXX_LANGUAGE_STANDARD = "gnu++17";
				CLANG_ENABLE_MODULES = YES;
				CLANG_ENABLE_OBJC_ARC = YES;
				CLANG_ENABLE_OBJC_WEAK = YES;
				CLANG_WARN_BLOCK_CAPTURE_AUTORELEASING = YES;
				CLANG_WARN_BOOL_CONVERSION = YES;
				CLANG_WARN_COMMA = YES;
				CLANG_WARN_CONSTANT_CONVERSION = YES;
				CLANG_WARN_DEPRECATED_OBJC_IMPLEMENTATIONS = YES;
				CLANG_WARN_DIRECT_OBJC_ISA_USAGE = YES_ERROR;
				CLANG_WARN_DOCUMENTATION_COMMENTS = YES;
				CLANG_WARN_EMPTY_BODY = YES;
				CLANG_WARN_ENUM_CONVERSION = YES;
				CLANG_WARN_INFINITE_RECURSION = YES;
				CLANG_WARN_INT_CONVERSION = YES;
				CLANG_WARN_NON_LITERAL_NULL_CONVERSION = YES;
				CLANG_WARN_OBJC_IMPLICIT_RETAIN_SELF = YES;
				CLANG_WARN_OBJC_LITERAL_CONVERSION = YES;
				CLANG_WARN_OBJC_ROOT_CLASS = YES_ERROR;
				CLANG_WARN_QUOTED_INCLUDE_IN_FRAMEWORK_HEADER = YES;
				CLANG_WARN_RANGE_LOOP_ANALYSIS = YES;
				CLANG_WARN_STRICT_PROTOTYPES = YES;
				CLANG_WARN_SUSPICIOUS_MOVE = YES;
				CLANG_WARN_UNGUARDED_AVAILABILITY = YES_AGGRESSIVE;
				CLANG_WARN_UNREACHABLE_CODE = YES;
				CLANG_WARN__DUPLICATE_METHOD_MATCH = YES;
				COPY_PHASE_STRIP = NO;
				DEBUG_INFORMATION_FORMAT = "dwarf-with-dsym";
				ENABLE_NS_ASSERTIONS = NO;
				ENABLE_STRICT_OBJC_MSGSEND = YES;
				GCC_C_LANGUAGE_STANDARD = gnu11;
				GCC_NO_COMMON_BLOCKS = YES;
				GCC_WARN_64_TO_32_BIT_CONVERSION = YES;
				GCC_WARN_ABOUT_RETURN_TYPE = YES_ERROR;
				GCC_WARN_UNDECLARED_SELECTOR = YES;
				GCC_WARN_UNINITIALIZED_AUTOS = YES_AGGRESSIVE;
				GCC_WARN_UNUSED_FUNCTION = YES;
				GCC_WARN_UNUSED_VARIABLE = YES;
				IPHONEOS_DEPLOYMENT_TARGET = 15.5;
				MTL_ENABLE_DEBUG_INFO = NO;
				MTL_FAST_MATH = YES;
				SDKROOT = iphoneos;
				SWIFT_COMPILATION_MODE = wholemodule;
				SWIFT_OPTIMIZATION_LEVEL = "-O";
				VALIDATE_PRODUCT = YES;
			};
			name = Release;
		};
		3CB930272860AAD7005B16C0 /* Debug */ = {
			isa = XCBuildConfiguration;
			baseConfigurationReference = 77A221209DDD331EDBE1720A /* Pods-Calck.debug.xcconfig */;
			buildSettings = {
				ASSETCATALOG_COMPILER_APPICON_NAME = AppIcon;
				ASSETCATALOG_COMPILER_GLOBAL_ACCENT_COLOR_NAME = AccentColor;
				CODE_SIGN_STYLE = Automatic;
				CURRENT_PROJECT_VERSION = 1;
				DEVELOPMENT_TEAM = RQYPG8XK25;
				GENERATE_INFOPLIST_FILE = YES;
				INFOPLIST_FILE = Calck/Info.plist;
				INFOPLIST_KEY_UIApplicationSupportsIndirectInputEvents = YES;
				INFOPLIST_KEY_UILaunchStoryboardName = LaunchScreen;
				INFOPLIST_KEY_UISupportedInterfaceOrientations_iPad = "UIInterfaceOrientationPortrait UIInterfaceOrientationPortraitUpsideDown UIInterfaceOrientationLandscapeLeft UIInterfaceOrientationLandscapeRight";
				INFOPLIST_KEY_UISupportedInterfaceOrientations_iPhone = "UIInterfaceOrientationPortrait UIInterfaceOrientationLandscapeLeft UIInterfaceOrientationLandscapeRight";
				LD_RUNPATH_SEARCH_PATHS = (
					"$(inherited)",
					"@executable_path/Frameworks",
				);
				MARKETING_VERSION = 1.0;
				PRODUCT_BUNDLE_IDENTIFIER = com.ckost9n.Calck;
				PRODUCT_NAME = "$(TARGET_NAME)";
				SWIFT_EMIT_LOC_STRINGS = YES;
				SWIFT_VERSION = 5.0;
				TARGETED_DEVICE_FAMILY = "1,2";
			};
			name = Debug;
		};
		3CB930282860AAD7005B16C0 /* Release */ = {
			isa = XCBuildConfiguration;
			baseConfigurationReference = 60E3AA87A389F77D42DC655B /* Pods-Calck.release.xcconfig */;
			buildSettings = {
				ASSETCATALOG_COMPILER_APPICON_NAME = AppIcon;
				ASSETCATALOG_COMPILER_GLOBAL_ACCENT_COLOR_NAME = AccentColor;
				CODE_SIGN_STYLE = Automatic;
				CURRENT_PROJECT_VERSION = 1;
				DEVELOPMENT_TEAM = RQYPG8XK25;
				GENERATE_INFOPLIST_FILE = YES;
				INFOPLIST_FILE = Calck/Info.plist;
				INFOPLIST_KEY_UIApplicationSupportsIndirectInputEvents = YES;
				INFOPLIST_KEY_UILaunchStoryboardName = LaunchScreen;
				INFOPLIST_KEY_UISupportedInterfaceOrientations_iPad = "UIInterfaceOrientationPortrait UIInterfaceOrientationPortraitUpsideDown UIInterfaceOrientationLandscapeLeft UIInterfaceOrientationLandscapeRight";
				INFOPLIST_KEY_UISupportedInterfaceOrientations_iPhone = "UIInterfaceOrientationPortrait UIInterfaceOrientationLandscapeLeft UIInterfaceOrientationLandscapeRight";
				LD_RUNPATH_SEARCH_PATHS = (
					"$(inherited)",
					"@executable_path/Frameworks",
				);
				MARKETING_VERSION = 1.0;
				PRODUCT_BUNDLE_IDENTIFIER = com.ckost9n.Calck;
				PRODUCT_NAME = "$(TARGET_NAME)";
				SWIFT_EMIT_LOC_STRINGS = YES;
				SWIFT_VERSION = 5.0;
				TARGETED_DEVICE_FAMILY = "1,2";
			};
			name = Release;
		};
/* End XCBuildConfiguration section */

/* Begin XCConfigurationList section */
		3CB9300D2860AAD0005B16C0 /* Build configuration list for PBXProject "Calck" */ = {
			isa = XCConfigurationList;
			buildConfigurations = (
				3CB930242860AAD7005B16C0 /* Debug */,
				3CB930252860AAD7005B16C0 /* Release */,
			);
			defaultConfigurationIsVisible = 0;
			defaultConfigurationName = Release;
		};
		3CB930262860AAD7005B16C0 /* Build configuration list for PBXNativeTarget "Calck" */ = {
			isa = XCConfigurationList;
			buildConfigurations = (
				3CB930272860AAD7005B16C0 /* Debug */,
				3CB930282860AAD7005B16C0 /* Release */,
			);
			defaultConfigurationIsVisible = 0;
			defaultConfigurationName = Release;
		};
/* End XCConfigurationList section */
	};
	rootObject = 3CB9300A2860AAD0005B16C0 /* Project object */;
}
